
Microsoft Visual Studio Solution File, Format Version 12.00
# Visual Studio Version 17
VisualStudioVersion = 17.0.31903.59
MinimumVisualStudioVersion = 10.0.40219.1
Project("{FAE04EC0-301F-11D3-BF4B-00C04F79EFBC}") = "BABYAPI", "BABYAPI\BABYAPI.csproj", "{39601364-A276-485B-BF80-14E5C86835BB}"
EndProject
Project("{FAE04EC0-301F-11D3-BF4B-00C04F79EFBC}") = "core", "core\core.csproj", "{BF83608D-BCC8-4AF3-8D72-AD830993131C}"
EndProject
Project("{FAE04EC0-301F-11D3-BF4B-00C04F79EFBC}") = "infrastructure", "infrastructure\infrastructure.csproj", "{853609A8-A37B-4E38-BC83-A6C715011995}"
EndProject
Global
	GlobalSection(SolutionConfigurationPlatforms) = preSolution
		Debug|Any CPU = Debug|Any CPU
		Release|Any CPU = Release|Any CPU
	EndGlobalSection
	GlobalSection(SolutionProperties) = preSolution
		HideSolutionNode = FALSE
	EndGlobalSection
	GlobalSection(ProjectConfigurationPlatforms) = postSolution
		{39601364-A276-485B-BF80-14E5C86835BB}.Debug|Any CPU.ActiveCfg = Debug|Any CPU
		{39601364-A276-485B-BF80-14E5C86835BB}.Debug|Any CPU.Build.0 = Debug|Any CPU
		{39601364-A276-485B-BF80-14E5C86835BB}.Release|Any CPU.ActiveCfg = Release|Any CPU
		{39601364-A276-485B-BF80-14E5C86835BB}.Release|Any CPU.Build.0 = Release|Any CPU
		{BF83608D-BCC8-4AF3-8D72-AD830993131C}.Debug|Any CPU.ActiveCfg = Debug|Any CPU
		{BF83608D-BCC8-4AF3-8D72-AD830993131C}.Debug|Any CPU.Build.0 = Debug|Any CPU
		{BF83608D-BCC8-4AF3-8D72-AD830993131C}.Release|Any CPU.ActiveCfg = Release|Any CPU
		{BF83608D-BCC8-4AF3-8D72-AD830993131C}.Release|Any CPU.Build.0 = Release|Any CPU
		{853609A8-A37B-4E38-BC83-A6C715011995}.Debug|Any CPU.ActiveCfg = Debug|Any CPU
		{853609A8-A37B-4E38-BC83-A6C715011995}.Debug|Any CPU.Build.0 = Debug|Any CPU
		{853609A8-A37B-4E38-BC83-A6C715011995}.Release|Any CPU.ActiveCfg = Release|Any CPU
		{853609A8-A37B-4E38-BC83-A6C715011995}.Release|Any CPU.Build.0 = Release|Any CPU
	EndGlobalSection
EndGlobal
